
Microsoft Visual Studio Solution File, Format Version 12.00
# Visual Studio Version 17
VisualStudioVersion = 17.14.36705.20 d17.14
MinimumVisualStudioVersion = 10.0.40219.1
Project("{FAE04EC0-301F-11D3-BF4B-00C04F79EFBC}") = "MiniCommandLineParser", "MiniCommandLineParser\MiniCommandLineParser.csproj", "{95D7135C-675A-4237-B5D4-441FADA5707C}"
EndProject
Project("{FAE04EC0-301F-11D3-BF4B-00C04F79EFBC}") = "MiniCommandLineParser.UnitTests", "MiniCommandLineParser.UnitTests\MiniCommandLineParser.UnitTests.csproj", "{27A0CE28-2685-4560-AE3A-7DD4C29DBA1A}"
EndProject
Global
	GlobalSection(SolutionConfigurationPlatforms) = preSolution
		Debug|Any CPU = Debug|Any CPU
		Release|Any CPU = Release|Any CPU
	EndGlobalSection
	GlobalSection(ProjectConfigurationPlatforms) = postSolution
		{95D7135C-675A-4237-B5D4-441FADA5707C}.Debug|Any CPU.ActiveCfg = Debug|Any CPU
		{95D7135C-675A-4237-B5D4-441FADA5707C}.Debug|Any CPU.Build.0 = Debug|Any CPU
		{95D7135C-675A-4237-B5D4-441FADA5707C}.Release|Any CPU.ActiveCfg = Release|Any CPU
		{95D7135C-675A-4237-B5D4-441FADA5707C}.Release|Any CPU.Build.0 = Release|Any CPU
		{27A0CE28-2685-4560-AE3A-7DD4C29DBA1A}.Debug|Any CPU.ActiveCfg = Debug|Any CPU
		{27A0CE28-2685-4560-AE3A-7DD4C29DBA1A}.Debug|Any CPU.Build.0 = Debug|Any CPU
		{27A0CE28-2685-4560-AE3A-7DD4C29DBA1A}.Release|Any CPU.ActiveCfg = Release|Any CPU
		{27A0CE28-2685-4560-AE3A-7DD4C29DBA1A}.Release|Any CPU.Build.0 = Release|Any CPU
	EndGlobalSection
	GlobalSection(SolutionProperties) = preSolution
		HideSolutionNode = FALSE
	EndGlobalSection
	GlobalSection(ExtensibilityGlobals) = postSolution
		SolutionGuid = {3B7EC01C-5262-4EBB-9C31-3826BB6B3073}
	EndGlobalSection
EndGlobal
